
Microsoft Visual Studio Solution File, Format Version 12.00
# Visual Studio Version 17
VisualStudioVersion = 17.0.31903.59
MinimumVisualStudioVersion = 10.0.40219.1
Project("{FAE04EC0-301F-11D3-BF4B-00C04F79EFBC}") = "LanFileDrop.Core", "LanFileDrop.Core\LanFileDrop.Core.csproj", "{C652ABE1-EC08-42D2-900C-741B34678E0D}"
EndProject
Project("{FAE04EC0-301F-11D3-BF4B-00C04F79EFBC}") = "LanFileDrop.Network", "LanFileDrop.Network\LanFileDrop.Network.csproj", "{E2B1792F-D7B4-40CD-91C4-7FF8F318E977}"
EndProject
Project("{FAE04EC0-301F-11D3-BF4B-00C04F79EFBC}") = "LanFileDrop.Tests", "LanFileDrop.Tests\LanFileDrop.Tests.csproj", "{C68F1223-E466-4F77-AA03-52643A5D4E26}"
EndProject
Project("{FAE04EC0-301F-11D3-BF4B-00C04F79EFBC}") = "LanFileDrop.Desktop", "LanFileDrop.Desktop\LanFileDrop.Desktop.csproj", "{19DFBADC-FC35-401E-8F5B-1D75E37D3571}"
EndProject
Global
	GlobalSection(SolutionConfigurationPlatforms) = preSolution
		Debug|Any CPU = Debug|Any CPU
		Debug|x64 = Debug|x64
		Debug|x86 = Debug|x86
		Release|Any CPU = Release|Any CPU
		Release|x64 = Release|x64
		Release|x86 = Release|x86
	EndGlobalSection
	GlobalSection(ProjectConfigurationPlatforms) = postSolution
		{C652ABE1-EC08-42D2-900C-741B34678E0D}.Debug|Any CPU.ActiveCfg = Debug|Any CPU
		{C652ABE1-EC08-42D2-900C-741B34678E0D}.Debug|Any CPU.Build.0 = Debug|Any CPU
		{C652ABE1-EC08-42D2-900C-741B34678E0D}.Debug|x64.ActiveCfg = Debug|Any CPU
		{C652ABE1-EC08-42D2-900C-741B34678E0D}.Debug|x64.Build.0 = Debug|Any CPU
		{C652ABE1-EC08-42D2-900C-741B34678E0D}.Debug|x86.ActiveCfg = Debug|Any CPU
		{C652ABE1-EC08-42D2-900C-741B34678E0D}.Debug|x86.Build.0 = Debug|Any CPU
		{C652ABE1-EC08-42D2-900C-741B34678E0D}.Release|Any CPU.ActiveCfg = Release|Any CPU
		{C652ABE1-EC08-42D2-900C-741B34678E0D}.Release|Any CPU.Build.0 = Release|Any CPU
		{C652ABE1-EC08-42D2-900C-741B34678E0D}.Release|x64.ActiveCfg = Release|Any CPU
		{C652ABE1-EC08-42D2-900C-741B34678E0D}.Release|x64.Build.0 = Release|Any CPU
		{C652ABE1-EC08-42D2-900C-741B34678E0D}.Release|x86.ActiveCfg = Release|Any CPU
		{C652ABE1-EC08-42D2-900C-741B34678E0D}.Release|x86.Build.0 = Release|Any CPU
		{E2B1792F-D7B4-40CD-91C4-7FF8F318E977}.Debug|Any CPU.ActiveCfg = Debug|Any CPU
		{E2B1792F-D7B4-40CD-91C4-7FF8F318E977}.Debug|Any CPU.Build.0 = Debug|Any CPU
		{E2B1792F-D7B4-40CD-91C4-7FF8F318E977}.Debug|x64.ActiveCfg = Debug|Any CPU
		{E2B1792F-D7B4-40CD-91C4-7FF8F318E977}.Debug|x64.Build.0 = Debug|Any CPU
		{E2B1792F-D7B4-40CD-91C4-7FF8F318E977}.Debug|x86.ActiveCfg = Debug|Any CPU
		{E2B1792F-D7B4-40CD-91C4-7FF8F318E977}.Debug|x86.Build.0 = Debug|Any CPU
		{E2B1792F-D7B4-40CD-91C4-7FF8F318E977}.Release|Any CPU.ActiveCfg = Release|Any CPU
		{E2B1792F-D7B4-40CD-91C4-7FF8F318E977}.Release|Any CPU.Build.0 = Release|Any CPU
		{E2B1792F-D7B4-40CD-91C4-7FF8F318E977}.Release|x64.ActiveCfg = Release|Any CPU
		{E2B1792F-D7B4-40CD-91C4-7FF8F318E977}.Release|x64.Build.0 = Release|Any CPU
		{E2B1792F-D7B4-40CD-91C4-7FF8F318E977}.Release|x86.ActiveCfg = Release|Any CPU
		{E2B1792F-D7B4-40CD-91C4-7FF8F318E977}.Release|x86.Build.0 = Release|Any CPU
		{C68F1223-E466-4F77-AA03-52643A5D4E26}.Debug|Any CPU.ActiveCfg = Debug|Any CPU
		{C68F1223-E466-4F77-AA03-52643A5D4E26}.Debug|Any CPU.Build.0 = Debug|Any CPU
		{C68F1223-E466-4F77-AA03-52643A5D4E26}.Debug|x64.ActiveCfg = Debug|Any CPU
		{C68F1223-E466-4F77-AA03-52643A5D4E26}.Debug|x64.Build.0 = Debug|Any CPU
		{C68F1223-E466-4F77-AA03-52643A5D4E26}.Debug|x86.ActiveCfg = Debug|Any CPU
		{C68F1223-E466-4F77-AA03-52643A5D4E26}.Debug|x86.Build.0 = Debug|Any CPU
		{C68F1223-E466-4F77-AA03-52643A5D4E26}.Release|Any CPU.ActiveCfg = Release|Any CPU
		{C68F1223-E466-4F77-AA03-52643A5D4E26}.Release|Any CPU.Build.0 = Release|Any CPU
		{C68F1223-E466-4F77-AA03-52643A5D4E26}.Release|x64.ActiveCfg = Release|Any CPU
		{C68F1223-E466-4F77-AA03-52643A5D4E26}.Release|x64.Build.0 = Release|Any CPU
		{C68F1223-E466-4F77-AA03-52643A5D4E26}.Release|x86.ActiveCfg = Release|Any CPU
		{C68F1223-E466-4F77-AA03-52643A5D4E26}.Release|x86.Build.0 = Release|Any CPU
		{19DFBADC-FC35-401E-8F5B-1D75E37D3571}.Debug|Any CPU.ActiveCfg = Debug|Any CPU
		{19DFBADC-FC35-401E-8F5B-1D75E37D3571}.Debug|Any CPU.Build.0 = Debug|Any CPU
		{19DFBADC-FC35-401E-8F5B-1D75E37D3571}.Debug|x64.ActiveCfg = Debug|Any CPU
		{19DFBADC-FC35-401E-8F5B-1D75E37D3571}.Debug|x64.Build.0 = Debug|Any CPU
		{19DFBADC-FC35-401E-8F5B-1D75E37D3571}.Debug|x86.ActiveCfg = Debug|Any CPU
		{19DFBADC-FC35-401E-8F5B-1D75E37D3571}.Debug|x86.Build.0 = Debug|Any CPU
		{19DFBADC-FC35-401E-8F5B-1D75E37D3571}.Release|Any CPU.ActiveCfg = Release|Any CPU
		{19DFBADC-FC35-401E-8F5B-1D75E37D3571}.Release|Any CPU.Build.0 = Release|Any CPU
		{19DFBADC-FC35-401E-8F5B-1D75E37D3571}.Release|x64.ActiveCfg = Release|Any CPU
		{19DFBADC-FC35-401E-8F5B-1D75E37D3571}.Release|x64.Build.0 = Release|Any CPU
		{19DFBADC-FC35-401E-8F5B-1D75E37D3571}.Release|x86.ActiveCfg = Release|Any CPU
		{19DFBADC-FC35-401E-8F5B-1D75E37D3571}.Release|x86.Build.0 = Release|Any CPU
	EndGlobalSection
	GlobalSection(SolutionProperties) = preSolution
		HideSolutionNode = FALSE
	EndGlobalSection
EndGlobal
